// !$*UTF8*$!
{
	archiveVersion = 1;
	classes = {
	};
	objectVersion = 50;
	objects = {

/* Begin PBXBuildFile section */
		E24056722470E84000953BE9 /* TapTutorialOficial.swift in Sources */ = {isa = PBXBuildFile; fileRef = E24056712470E84000953BE9 /* TapTutorialOficial.swift */; };
		E24056742470E87000953BE9 /* TapTutorialOficial.sks in Resources */ = {isa = PBXBuildFile; fileRef = E24056732470E87000953BE9 /* TapTutorialOficial.sks */; };
		E24E12152412698000B3C8D3 /* AppDelegate.swift in Sources */ = {isa = PBXBuildFile; fileRef = E24E12142412698000B3C8D3 /* AppDelegate.swift */; };
		E24E12172412698000B3C8D3 /* DrawGameScene.sks in Resources */ = {isa = PBXBuildFile; fileRef = E24E12162412698000B3C8D3 /* DrawGameScene.sks */; };
		E24E12192412698000B3C8D3 /* Actions.sks in Resources */ = {isa = PBXBuildFile; fileRef = E24E12182412698000B3C8D3 /* Actions.sks */; };
		E24E121B2412698000B3C8D3 /* DrawGameScene.swift in Sources */ = {isa = PBXBuildFile; fileRef = E24E121A2412698000B3C8D3 /* DrawGameScene.swift */; };
		E24E121D2412698000B3C8D3 /* GameViewController.swift in Sources */ = {isa = PBXBuildFile; fileRef = E24E121C2412698000B3C8D3 /* GameViewController.swift */; };
		E24E12202412698000B3C8D3 /* Main.storyboard in Resources */ = {isa = PBXBuildFile; fileRef = E24E121E2412698000B3C8D3 /* Main.storyboard */; };
		E24E12222412698500B3C8D3 /* Assets.xcassets in Resources */ = {isa = PBXBuildFile; fileRef = E24E12212412698500B3C8D3 /* Assets.xcassets */; };
		E24E12252412698500B3C8D3 /* LaunchScreen.storyboard in Resources */ = {isa = PBXBuildFile; fileRef = E24E12232412698500B3C8D3 /* LaunchScreen.storyboard */; };
		E24E122D24128F7A00B3C8D3 /* DrawManager.swift in Sources */ = {isa = PBXBuildFile; fileRef = E24E122C24128F7A00B3C8D3 /* DrawManager.swift */; };
		E2583D7D2471DB7D0030478D /* AboutScene.swift in Sources */ = {isa = PBXBuildFile; fileRef = E2583D7C2471DB7D0030478D /* AboutScene.swift */; };
		E2583D7F2471DBB40030478D /* AboutScene.sks in Resources */ = {isa = PBXBuildFile; fileRef = E2583D7E2471DBB40030478D /* AboutScene.sks */; };
		E25C68E22471B1B40029B043 /* EndScene.swift in Sources */ = {isa = PBXBuildFile; fileRef = E25C68E12471B1B40029B043 /* EndScene.swift */; };
		E25C68E42471B1C90029B043 /* EndScene.sks in Resources */ = {isa = PBXBuildFile; fileRef = E25C68E32471B1C90029B043 /* EndScene.sks */; };
		E25E816224190D8500559FAD /* TapGameScene.swift in Sources */ = {isa = PBXBuildFile; fileRef = E25E816124190D8500559FAD /* TapGameScene.swift */; };
		E25E816824191DD600559FAD /* TapGameScene.sks in Resources */ = {isa = PBXBuildFile; fileRef = E25E816724191DD600559FAD /* TapGameScene.sks */; };
		E28941FB241541A500DAA387 /* PinchGameScene.sks in Resources */ = {isa = PBXBuildFile; fileRef = E28941FA241541A500DAA387 /* PinchGameScene.sks */; };
		E28941FE241542E600DAA387 /* PinchGameScene.swift in Sources */ = {isa = PBXBuildFile; fileRef = E28941FD241542E600DAA387 /* PinchGameScene.swift */; };
		E2F535182417AD0B00ED9149 /* Intro.swift in Sources */ = {isa = PBXBuildFile; fileRef = E2F535172417AD0B00ED9149 /* Intro.swift */; };
		E2F5351A2417ADA600ED9149 /* Intro.sks in Resources */ = {isa = PBXBuildFile; fileRef = E2F535192417ADA600ED9149 /* Intro.sks */; };
		E2F5351C2417AE5F00ED9149 /* DrawTutorial.swift in Sources */ = {isa = PBXBuildFile; fileRef = E2F5351B2417AE5F00ED9149 /* DrawTutorial.swift */; };
		E2F5351E2417AEA900ED9149 /* DrawTutorial.sks in Resources */ = {isa = PBXBuildFile; fileRef = E2F5351D2417AEA900ED9149 /* DrawTutorial.sks */; };
		E2F535202417B1B100ED9149 /* Star.swift in Sources */ = {isa = PBXBuildFile; fileRef = E2F5351F2417B1B100ED9149 /* Star.swift */; };
		E2F535222417CE6F00ED9149 /* PinchTutorial.swift in Sources */ = {isa = PBXBuildFile; fileRef = E2F535212417CE6F00ED9149 /* PinchTutorial.swift */; };
		E2F535242417CE9A00ED9149 /* PinchTutorial.sks in Resources */ = {isa = PBXBuildFile; fileRef = E2F535232417CE9A00ED9149 /* PinchTutorial.sks */; };
/* End PBXBuildFile section */

/* Begin PBXFileReference section */
		E24056712470E84000953BE9 /* TapTutorialOficial.swift */ = {isa = PBXFileReference; lastKnownFileType = sourcecode.swift; path = TapTutorialOficial.swift; sourceTree = "<group>"; };
		E24056732470E87000953BE9 /* TapTutorialOficial.sks */ = {isa = PBXFileReference; lastKnownFileType = file.sks; path = TapTutorialOficial.sks; sourceTree = "<group>"; };
		E24E12112412698000B3C8D3 /* Star.app */ = {isa = PBXFileReference; explicitFileType = wrapper.application; includeInIndex = 0; path = Star.app; sourceTree = BUILT_PRODUCTS_DIR; };
		E24E12142412698000B3C8D3 /* AppDelegate.swift */ = {isa = PBXFileReference; lastKnownFileType = sourcecode.swift; path = AppDelegate.swift; sourceTree = "<group>"; };
		E24E12162412698000B3C8D3 /* DrawGameScene.sks */ = {isa = PBXFileReference; lastKnownFileType = file.sks; path = DrawGameScene.sks; sourceTree = "<group>"; };
		E24E12182412698000B3C8D3 /* Actions.sks */ = {isa = PBXFileReference; lastKnownFileType = file.sks; path = Actions.sks; sourceTree = "<group>"; };
		E24E121A2412698000B3C8D3 /* DrawGameScene.swift */ = {isa = PBXFileReference; lastKnownFileType = sourcecode.swift; path = DrawGameScene.swift; sourceTree = "<group>"; };
		E24E121C2412698000B3C8D3 /* GameViewController.swift */ = {isa = PBXFileReference; lastKnownFileType = sourcecode.swift; path = GameViewController.swift; sourceTree = "<group>"; };
		E24E121F2412698000B3C8D3 /* Base */ = {isa = PBXFileReference; lastKnownFileType = file.storyboard; name = Base; path = Base.lproj/Main.storyboard; sourceTree = "<group>"; };
		E24E12212412698500B3C8D3 /* Assets.xcassets */ = {isa = PBXFileReference; lastKnownFileType = folder.assetcatalog; path = Assets.xcassets; sourceTree = "<group>"; };
		E24E12242412698500B3C8D3 /* Base */ = {isa = PBXFileReference; lastKnownFileType = file.storyboard; name = Base; path = Base.lproj/LaunchScreen.storyboard; sourceTree = "<group>"; };
		E24E12262412698500B3C8D3 /* Info.plist */ = {isa = PBXFileReference; lastKnownFileType = text.plist.xml; path = Info.plist; sourceTree = "<group>"; };
		E24E122C24128F7A00B3C8D3 /* DrawManager.swift */ = {isa = PBXFileReference; lastKnownFileType = sourcecode.swift; path = DrawManager.swift; sourceTree = "<group>"; };
		E2583D7C2471DB7D0030478D /* AboutScene.swift */ = {isa = PBXFileReference; lastKnownFileType = sourcecode.swift; path = AboutScene.swift; sourceTree = "<group>"; };
		E2583D7E2471DBB40030478D /* AboutScene.sks */ = {isa = PBXFileReference; lastKnownFileType = file.sks; path = AboutScene.sks; sourceTree = "<group>"; };
		E25C68E12471B1B40029B043 /* EndScene.swift */ = {isa = PBXFileReference; lastKnownFileType = sourcecode.swift; path = EndScene.swift; sourceTree = "<group>"; };
		E25C68E32471B1C90029B043 /* EndScene.sks */ = {isa = PBXFileReference; lastKnownFileType = file.sks; path = EndScene.sks; sourceTree = "<group>"; };
		E25E816124190D8500559FAD /* TapGameScene.swift */ = {isa = PBXFileReference; lastKnownFileType = sourcecode.swift; path = TapGameScene.swift; sourceTree = "<group>"; };
		E25E816724191DD600559FAD /* TapGameScene.sks */ = {isa = PBXFileReference; lastKnownFileType = file.sks; path = TapGameScene.sks; sourceTree = "<group>"; };
		E28941FA241541A500DAA387 /* PinchGameScene.sks */ = {isa = PBXFileReference; lastKnownFileType = file.sks; path = PinchGameScene.sks; sourceTree = "<group>"; };
		E28941FD241542E600DAA387 /* PinchGameScene.swift */ = {isa = PBXFileReference; lastKnownFileType = sourcecode.swift; path = PinchGameScene.swift; sourceTree = "<group>"; };
		E2F535172417AD0B00ED9149 /* Intro.swift */ = {isa = PBXFileReference; lastKnownFileType = sourcecode.swift; path = Intro.swift; sourceTree = "<group>"; };
		E2F535192417ADA600ED9149 /* Intro.sks */ = {isa = PBXFileReference; lastKnownFileType = file.sks; path = Intro.sks; sourceTree = "<group>"; };
		E2F5351B2417AE5F00ED9149 /* DrawTutorial.swift */ = {isa = PBXFileReference; lastKnownFileType = sourcecode.swift; path = DrawTutorial.swift; sourceTree = "<group>"; };
		E2F5351D2417AEA900ED9149 /* DrawTutorial.sks */ = {isa = PBXFileReference; lastKnownFileType = file.sks; path = DrawTutorial.sks; sourceTree = "<group>"; };
		E2F5351F2417B1B100ED9149 /* Star.swift */ = {isa = PBXFileReference; lastKnownFileType = sourcecode.swift; path = Star.swift; sourceTree = "<group>"; };
		E2F535212417CE6F00ED9149 /* PinchTutorial.swift */ = {isa = PBXFileReference; lastKnownFileType = sourcecode.swift; path = PinchTutorial.swift; sourceTree = "<group>"; };
		E2F535232417CE9A00ED9149 /* PinchTutorial.sks */ = {isa = PBXFileReference; lastKnownFileType = file.sks; path = PinchTutorial.sks; sourceTree = "<group>"; };
/* End PBXFileReference section */

/* Begin PBXFrameworksBuildPhase section */
		E24E120E2412697F00B3C8D3 /* Frameworks */ = {
			isa = PBXFrameworksBuildPhase;
			buildActionMask = 2147483647;
			files = (
			);
			runOnlyForDeploymentPostprocessing = 0;
		};
/* End PBXFrameworksBuildPhase section */

/* Begin PBXGroup section */
		E230794C2417378400189537 /* Intro */ = {
			isa = PBXGroup;
			children = (
				E2F535172417AD0B00ED9149 /* Intro.swift */,
				E2F535192417ADA600ED9149 /* Intro.sks */,
			);
			path = Intro;
			sourceTree = "<group>";
		};
		E24E12082412697F00B3C8D3 = {
			isa = PBXGroup;
			children = (
				E24E12132412698000B3C8D3 /* Star */,
				E24E12122412698000B3C8D3 /* Products */,
			);
			sourceTree = "<group>";
		};
		E24E12122412698000B3C8D3 /* Products */ = {
			isa = PBXGroup;
			children = (
				E24E12112412698000B3C8D3 /* Star.app */,
			);
			name = Products;
			sourceTree = "<group>";
		};
		E24E12132412698000B3C8D3 /* Star */ = {
			isa = PBXGroup;
			children = (
				E24E12142412698000B3C8D3 /* AppDelegate.swift */,
				E24E121C2412698000B3C8D3 /* GameViewController.swift */,
				E230794C2417378400189537 /* Intro */,
				E28941FC2415426600DAA387 /* Draw */,
				E28941F92415411300DAA387 /* Pinch */,
				E25E816024190BF300559FAD /* Tap */,
				E25C68E02471B1980029B043 /* End */,
				E24E12212412698500B3C8D3 /* Assets.xcassets */,
				E24E121E2412698000B3C8D3 /* Main.storyboard */,
				E24E12232412698500B3C8D3 /* LaunchScreen.storyboard */,
				E24E12182412698000B3C8D3 /* Actions.sks */,
				E24E12262412698500B3C8D3 /* Info.plist */,
			);
			path = Star;
			sourceTree = "<group>";
		};
		E25C68E02471B1980029B043 /* End */ = {
			isa = PBXGroup;
			children = (
				E25C68E12471B1B40029B043 /* EndScene.swift */,
				E25C68E32471B1C90029B043 /* EndScene.sks */,
				E2583D7C2471DB7D0030478D /* AboutScene.swift */,
				E2583D7E2471DBB40030478D /* AboutScene.sks */,
			);
			path = End;
			sourceTree = "<group>";
		};
		E25E816024190BF300559FAD /* Tap */ = {
			isa = PBXGroup;
			children = (
				E24056712470E84000953BE9 /* TapTutorialOficial.swift */,
				E24056732470E87000953BE9 /* TapTutorialOficial.sks */,
				E25E816124190D8500559FAD /* TapGameScene.swift */,
				E25E816724191DD600559FAD /* TapGameScene.sks */,
			);
			path = Tap;
			sourceTree = "<group>";
		};
		E28941F92415411300DAA387 /* Pinch */ = {
			isa = PBXGroup;
			children = (
				E2F535232417CE9A00ED9149 /* PinchTutorial.sks */,
				E2F535212417CE6F00ED9149 /* PinchTutorial.swift */,
				E28941FA241541A500DAA387 /* PinchGameScene.sks */,
				E28941FD241542E600DAA387 /* PinchGameScene.swift */,
			);
			path = Pinch;
			sourceTree = "<group>";
		};
		E28941FC2415426600DAA387 /* Draw */ = {
			isa = PBXGroup;
			children = (
				E2F5351D2417AEA900ED9149 /* DrawTutorial.sks */,
				E2F5351B2417AE5F00ED9149 /* DrawTutorial.swift */,
				E24E12162412698000B3C8D3 /* DrawGameScene.sks */,
				E24E121A2412698000B3C8D3 /* DrawGameScene.swift */,
				E24E122C24128F7A00B3C8D3 /* DrawManager.swift */,
				E2F5351F2417B1B100ED9149 /* Star.swift */,
			);
			path = Draw;
			sourceTree = "<group>";
		};
/* End PBXGroup section */

/* Begin PBXNativeTarget section */
		E24E12102412697F00B3C8D3 /* Star */ = {
			isa = PBXNativeTarget;
			buildConfigurationList = E24E12292412698500B3C8D3 /* Build configuration list for PBXNativeTarget "Star" */;
			buildPhases = (
				E24E120D2412697F00B3C8D3 /* Sources */,
				E24E120E2412697F00B3C8D3 /* Frameworks */,
				E24E120F2412697F00B3C8D3 /* Resources */,
			);
			buildRules = (
			);
			dependencies = (
			);
			name = Star;
			productName = Star;
			productReference = E24E12112412698000B3C8D3 /* Star.app */;
			productType = "com.apple.product-type.application";
		};
/* End PBXNativeTarget section */

/* Begin PBXProject section */
		E24E12092412697F00B3C8D3 /* Project object */ = {
			isa = PBXProject;
			attributes = {
				LastSwiftUpdateCheck = 1130;
				LastUpgradeCheck = 1130;
				ORGANIZATIONNAME = "Victoria Andressa Faria";
				TargetAttributes = {
					E24E12102412697F00B3C8D3 = {
						CreatedOnToolsVersion = 11.3.1;
					};
				};
			};
			buildConfigurationList = E24E120C2412697F00B3C8D3 /* Build configuration list for PBXProject "Star" */;
			compatibilityVersion = "Xcode 9.3";
			developmentRegion = en;
			hasScannedForEncodings = 0;
			knownRegions = (
				en,
				Base,
			);
			mainGroup = E24E12082412697F00B3C8D3;
			productRefGroup = E24E12122412698000B3C8D3 /* Products */;
			projectDirPath = "";
			projectRoot = "";
			targets = (
				E24E12102412697F00B3C8D3 /* Star */,
			);
		};
/* End PBXProject section */

/* Begin PBXResourcesBuildPhase section */
		E24E120F2412697F00B3C8D3 /* Resources */ = {
			isa = PBXResourcesBuildPhase;
			buildActionMask = 2147483647;
			files = (
				E25C68E42471B1C90029B043 /* EndScene.sks in Resources */,
				E2F5351A2417ADA600ED9149 /* Intro.sks in Resources */,
				E2583D7F2471DBB40030478D /* AboutScene.sks in Resources */,
				E2F5351E2417AEA900ED9149 /* DrawTutorial.sks in Resources */,
				E24E12202412698000B3C8D3 /* Main.storyboard in Resources */,
				E28941FB241541A500DAA387 /* PinchGameScene.sks in Resources */,
				E2F535242417CE9A00ED9149 /* PinchTutorial.sks in Resources */,
				E24E12172412698000B3C8D3 /* DrawGameScene.sks in Resources */,
				E24E12222412698500B3C8D3 /* Assets.xcassets in Resources */,
				E24E12252412698500B3C8D3 /* LaunchScreen.storyboard in Resources */,
				E24056742470E87000953BE9 /* TapTutorialOficial.sks in Resources */,
				E24E12192412698000B3C8D3 /* Actions.sks in Resources */,
				E25E816824191DD600559FAD /* TapGameScene.sks in Resources */,
			);
			runOnlyForDeploymentPostprocessing = 0;
		};
/* End PBXResourcesBuildPhase section */

/* Begin PBXSourcesBuildPhase section */
		E24E120D2412697F00B3C8D3 /* Sources */ = {
			isa = PBXSourcesBuildPhase;
			buildActionMask = 2147483647;
			files = (
				E24E121B2412698000B3C8D3 /* DrawGameScene.swift in Sources */,
				E24E122D24128F7A00B3C8D3 /* DrawManager.swift in Sources */,
				E2F535182417AD0B00ED9149 /* Intro.swift in Sources */,
				E2F5351C2417AE5F00ED9149 /* DrawTutorial.swift in Sources */,
				E24E121D2412698000B3C8D3 /* GameViewController.swift in Sources */,
				E2F535222417CE6F00ED9149 /* PinchTutorial.swift in Sources */,
				E25C68E22471B1B40029B043 /* EndScene.swift in Sources */,
				E24056722470E84000953BE9 /* TapTutorialOficial.swift in Sources */,
				E25E816224190D8500559FAD /* TapGameScene.swift in Sources */,
				E24E12152412698000B3C8D3 /* AppDelegate.swift in Sources */,
				E2583D7D2471DB7D0030478D /* AboutScene.swift in Sources */,
				E28941FE241542E600DAA387 /* PinchGameScene.swift in Sources */,
				E2F535202417B1B100ED9149 /* Star.swift in Sources */,
			);
			runOnlyForDeploymentPostprocessing = 0;
		};
/* End PBXSourcesBuildPhase section */

/* Begin PBXVariantGroup section */
		E24E121E2412698000B3C8D3 /* Main.storyboard */ = {
			isa = PBXVariantGroup;
			children = (
				E24E121F2412698000B3C8D3 /* Base */,
			);
			name = Main.storyboard;
			sourceTree = "<group>";
		};
		E24E12232412698500B3C8D3 /* LaunchScreen.storyboard */ = {
			isa = PBXVariantGroup;
			children = (
				E24E12242412698500B3C8D3 /* Base */,
			);
			name = LaunchScreen.storyboard;
			sourceTree = "<group>";
		};
/* End PBXVariantGroup section */

/* Begin XCBuildConfiguration section */
		E24E12272412698500B3C8D3 /* Debug */ = {
			isa = XCBuildConfiguration;
			buildSettings = {
				ALWAYS_SEARCH_USER_PATHS = NO;
				CLANG_ANALYZER_NONNULL = YES;
				CLANG_ANALYZER_NUMBER_OBJECT_CONVERSION = YES_AGGRESSIVE;
				CLANG_CXX_LANGUAGE_STANDARD = "gnu++14";
				CLANG_CXX_LIBRARY = "libc++";
				CLANG_ENABLE_MODULES = YES;
				CLANG_ENABLE_OBJC_ARC = YES;
				CLANG_ENABLE_OBJC_WEAK = YES;
				CLANG_WARN_BLOCK_CAPTURE_AUTORELEASING = YES;
				CLANG_WARN_BOOL_CONVERSION = YES;
				CLANG_WARN_COMMA = YES;
				CLANG_WARN_CONSTANT_CONVERSION = YES;
				CLANG_WARN_DEPRECATED_OBJC_IMPLEMENTATIONS = YES;
				CLANG_WARN_DIRECT_OBJC_ISA_USAGE = YES_ERROR;
				CLANG_WARN_DOCUMENTATION_COMMENTS = YES;
				CLANG_WARN_EMPTY_BODY = YES;
				CLANG_WARN_ENUM_CONVERSION = YES;
				CLANG_WARN_INFINITE_RECURSION = YES;
				CLANG_WARN_INT_CONVERSION = YES;
				CLANG_WARN_NON_LITERAL_NULL_CONVERSION = YES;
				CLANG_WARN_OBJC_IMPLICIT_RETAIN_SELF = YES;
				CLANG_WARN_OBJC_LITERAL_CONVERSION = YES;
				CLANG_WARN_OBJC_ROOT_CLASS = YES_ERROR;
				CLANG_WARN_RANGE_LOOP_ANALYSIS = YES;
				CLANG_WARN_STRICT_PROTOTYPES = YES;
				CLANG_WARN_SUSPICIOUS_MOVE = YES;
				CLANG_WARN_UNGUARDED_AVAILABILITY = YES_AGGRESSIVE;
				CLANG_WARN_UNREACHABLE_CODE = YES;
				CLANG_WARN__DUPLICATE_METHOD_MATCH = YES;
				COPY_PHASE_STRIP = NO;
				DEBUG_INFORMATION_FORMAT = dwarf;
				ENABLE_STRICT_OBJC_MSGSEND = YES;
				ENABLE_TESTABILITY = YES;
				GCC_C_LANGUAGE_STANDARD = gnu11;
				GCC_DYNAMIC_NO_PIC = NO;
				GCC_NO_COMMON_BLOCKS = YES;
				GCC_OPTIMIZATION_LEVEL = 0;
				GCC_PREPROCESSOR_DEFINITIONS = (
					"DEBUG=1",
					"$(inherited)",
				);
				GCC_WARN_64_TO_32_BIT_CONVERSION = YES;
				GCC_WARN_ABOUT_RETURN_TYPE = YES_ERROR;
				GCC_WARN_UNDECLARED_SELECTOR = YES;
				GCC_WARN_UNINITIALIZED_AUTOS = YES_AGGRESSIVE;
				GCC_WARN_UNUSED_FUNCTION = YES;
				GCC_WARN_UNUSED_VARIABLE = YES;
				IPHONEOS_DEPLOYMENT_TARGET = 13.2;
				MTL_ENABLE_DEBUG_INFO = INCLUDE_SOURCE;
				MTL_FAST_MATH = YES;
				ONLY_ACTIVE_ARCH = YES;
				SDKROOT = iphoneos;
				SWIFT_ACTIVE_COMPILATION_CONDITIONS = DEBUG;
				SWIFT_OPTIMIZATION_LEVEL = "-Onone";
			};
			name = Debug;
		};
		E24E12282412698500B3C8D3 /* Release */ = {
			isa = XCBuildConfiguration;
			buildSettings = {
				ALWAYS_SEARCH_USER_PATHS = NO;
				CLANG_ANALYZER_NONNULL = YES;
				CLANG_ANALYZER_NUMBER_OBJECT_CONVERSION = YES_AGGRESSIVE;
				CLANG_CXX_LANGUAGE_STANDARD = "gnu++14";
				CLANG_CXX_LIBRARY = "libc++";
				CLANG_ENABLE_MODULES = YES;
				CLANG_ENABLE_OBJC_ARC = YES;
				CLANG_ENABLE_OBJC_WEAK = YES;
				CLANG_WARN_BLOCK_CAPTURE_AUTORELEASING = YES;
				CLANG_WARN_BOOL_CONVERSION = YES;
				CLANG_WARN_COMMA = YES;
				CLANG_WARN_CONSTANT_CONVERSION = YES;
				CLANG_WARN_DEPRECATED_OBJC_IMPLEMENTATIONS = YES;
				CLANG_WARN_DIRECT_OBJC_ISA_USAGE = YES_ERROR;
				CLANG_WARN_DOCUMENTATION_COMMENTS = YES;
				CLANG_WARN_EMPTY_BODY = YES;
				CLANG_WARN_ENUM_CONVERSION = YES;
				CLANG_WARN_INFINITE_RECURSION = YES;
				CLANG_WARN_INT_CONVERSION = YES;
				CLANG_WARN_NON_LITERAL_NULL_CONVERSION = YES;
				CLANG_WARN_OBJC_IMPLICIT_RETAIN_SELF = YES;
				CLANG_WARN_OBJC_LITERAL_CONVERSION = YES;
				CLANG_WARN_OBJC_ROOT_CLASS = YES_ERROR;
				CLANG_WARN_RANGE_LOOP_ANALYSIS = YES;
				CLANG_WARN_STRICT_PROTOTYPES = YES;
				CLANG_WARN_SUSPICIOUS_MOVE = YES;
				CLANG_WARN_UNGUARDED_AVAILABILITY = YES_AGGRESSIVE;
				CLANG_WARN_UNREACHABLE_CODE = YES;
				CLANG_WARN__DUPLICATE_METHOD_MATCH = YES;
				COPY_PHASE_STRIP = NO;
				DEBUG_INFORMATION_FORMAT = "dwarf-with-dsym";
				ENABLE_NS_ASSERTIONS = NO;
				ENABLE_STRICT_OBJC_MSGSEND = YES;
				GCC_C_LANGUAGE_STANDARD = gnu11;
				GCC_NO_COMMON_BLOCKS = YES;
				GCC_WARN_64_TO_32_BIT_CONVERSION = YES;
				GCC_WARN_ABOUT_RETURN_TYPE = YES_ERROR;
				GCC_WARN_UNDECLARED_SELECTOR = YES;
				GCC_WARN_UNINITIALIZED_AUTOS = YES_AGGRESSIVE;
				GCC_WARN_UNUSED_FUNCTION = YES;
				GCC_WARN_UNUSED_VARIABLE = YES;
				IPHONEOS_DEPLOYMENT_TARGET = 13.2;
				MTL_ENABLE_DEBUG_INFO = NO;
				MTL_FAST_MATH = YES;
				SDKROOT = iphoneos;
				SWIFT_COMPILATION_MODE = wholemodule;
				SWIFT_OPTIMIZATION_LEVEL = "-O";
				VALIDATE_PRODUCT = YES;
			};
			name = Release;
		};
		E24E122A2412698500B3C8D3 /* Debug */ = {
			isa = XCBuildConfiguration;
			buildSettings = {
				ASSETCATALOG_COMPILER_APPICON_NAME = AppIcon;
				CODE_SIGN_STYLE = Automatic;
				DEVELOPMENT_TEAM = 76DX35F6T7;
				INFOPLIST_FILE = Star/Info.plist;
				LD_RUNPATH_SEARCH_PATHS = (
					"$(inherited)",
					"@executable_path/Frameworks",
				);
				PRODUCT_BUNDLE_IDENTIFIER = Faria.Victoria.Star;
				PRODUCT_NAME = "$(TARGET_NAME)";
				SWIFT_VERSION = 5.0;
				TARGETED_DEVICE_FAMILY = "1,2";
			};
			name = Debug;
		};
		E24E122B2412698500B3C8D3 /* Release */ = {
			isa = XCBuildConfiguration;
			buildSettings = {
				ASSETCATALOG_COMPILER_APPICON_NAME = AppIcon;
				CODE_SIGN_STYLE = Automatic;
				DEVELOPMENT_TEAM = 76DX35F6T7;
				INFOPLIST_FILE = Star/Info.plist;
				LD_RUNPATH_SEARCH_PATHS = (
					"$(inherited)",
					"@executable_path/Frameworks",
				);
				PRODUCT_BUNDLE_IDENTIFIER = Faria.Victoria.Star;
				PRODUCT_NAME = "$(TARGET_NAME)";
				SWIFT_VERSION = 5.0;
				TARGETED_DEVICE_FAMILY = "1,2";
			};
			name = Release;
		};
/* End XCBuildConfiguration section */

/* Begin XCConfigurationList section */
		E24E120C2412697F00B3C8D3 /* Build configuration list for PBXProject "Star" */ = {
			isa = XCConfigurationList;
			buildConfigurations = (
				E24E12272412698500B3C8D3 /* Debug */,
				E24E12282412698500B3C8D3 /* Release */,
			);
			defaultConfigurationIsVisible = 0;
			defaultConfigurationName = Release;
		};
		E24E12292412698500B3C8D3 /* Build configuration list for PBXNativeTarget "Star" */ = {
			isa = XCConfigurationList;
			buildConfigurations = (
				E24E122A2412698500B3C8D3 /* Debug */,
				E24E122B2412698500B3C8D3 /* Release */,
			);
			defaultConfigurationIsVisible = 0;
			defaultConfigurationName = Release;
		};
/* End XCConfigurationList section */
	};
	rootObject = E24E12092412697F00B3C8D3 /* Project object */;
}
